
Microsoft Visual Studio Solution File, Format Version 12.00
# Visual Studio Version 16
VisualStudioVersion = 16.0.31112.23
MinimumVisualStudioVersion = 10.0.40219.1
Project("{FAE04EC0-301F-11D3-BF4B-00C04F79EFBC}") = "GildedRoseKata", "GildedRoseKata\GildedRoseKata.csproj", "{9CB5261F-7036-4462-80CC-3A9B239CFDBA}"
EndProject
Global
	GlobalSection(SolutionConfigurationPlatforms) = preSolution
		Debug|Any CPU = Debug|Any CPU
		Release|Any CPU = Release|Any CPU
	EndGlobalSection
	GlobalSection(ProjectConfigurationPlatforms) = postSolution
		{9CB5261F-7036-4462-80CC-3A9B239CFDBA}.Debug|Any CPU.ActiveCfg = Debug|Any CPU
		{9CB5261F-7036-4462-80CC-3A9B239CFDBA}.Debug|Any CPU.Build.0 = Debug|Any CPU
		{9CB5261F-7036-4462-80CC-3A9B239CFDBA}.Release|Any CPU.ActiveCfg = Release|Any CPU
		{9CB5261F-7036-4462-80CC-3A9B239CFDBA}.Release|Any CPU.Build.0 = Release|Any CPU
	EndGlobalSection
	GlobalSection(SolutionProperties) = preSolution
		HideSolutionNode = FALSE
	EndGlobalSection
	GlobalSection(ExtensibilityGlobals) = postSolution
		SolutionGuid = {B9F6D661-AD83-4CDE-B866-018629B14972}
	EndGlobalSection
EndGlobal
